
Microsoft Visual Studio Solution File, Format Version 12.00
# Visual Studio Version 17
VisualStudioVersion = 17.6.33829.357
MinimumVisualStudioVersion = 10.0.40219.1
Project("{FAE04EC0-301F-11D3-BF4B-00C04F79EFBC}") = "proNETzadanie7", "proNETzadanie7\proNETzadanie7.csproj", "{88CE5B25-1A80-4B60-98D0-821E4AD68594}"
EndProject
Global
	GlobalSection(SolutionConfigurationPlatforms) = preSolution
		Debug|Any CPU = Debug|Any CPU
		Release|Any CPU = Release|Any CPU
	EndGlobalSection
	GlobalSection(ProjectConfigurationPlatforms) = postSolution
		{88CE5B25-1A80-4B60-98D0-821E4AD68594}.Debug|Any CPU.ActiveCfg = Debug|Any CPU
		{88CE5B25-1A80-4B60-98D0-821E4AD68594}.Debug|Any CPU.Build.0 = Debug|Any CPU
		{88CE5B25-1A80-4B60-98D0-821E4AD68594}.Release|Any CPU.ActiveCfg = Release|Any CPU
		{88CE5B25-1A80-4B60-98D0-821E4AD68594}.Release|Any CPU.Build.0 = Release|Any CPU
	EndGlobalSection
	GlobalSection(SolutionProperties) = preSolution
		HideSolutionNode = FALSE
	EndGlobalSection
	GlobalSection(ExtensibilityGlobals) = postSolution
		SolutionGuid = {75EA082D-5C4F-4851-8867-B84CC11DAAA8}
	EndGlobalSection
EndGlobal
